
Microsoft Visual Studio Solution File, Format Version 10.00
# Visual Studio 2008
Project("{FAE04EC0-301F-11D3-BF4B-00C04F79EFBC}") = "newsfeed", "newsfeed-proxy\newsfeed.csproj", "{21D4821F-90DB-4A0C-984F-3AECC86B42E5}"
EndProject
Project("{FAE04EC0-301F-11D3-BF4B-00C04F79EFBC}") = "newsfeed.test", "..\newsfeed-proxy.test\test\newsfeed.test.csproj", "{0919D92C-F66D-4ED8-8F86-9B860BA036ED}"
EndProject
Global
	GlobalSection(SolutionConfigurationPlatforms) = preSolution
		Debug|Any CPU = Debug|Any CPU
		Release|Any CPU = Release|Any CPU
	EndGlobalSection
	GlobalSection(ProjectConfigurationPlatforms) = postSolution
		{21D4821F-90DB-4A0C-984F-3AECC86B42E5}.Debug|Any CPU.ActiveCfg = Debug|Any CPU
		{21D4821F-90DB-4A0C-984F-3AECC86B42E5}.Debug|Any CPU.Build.0 = Debug|Any CPU
		{21D4821F-90DB-4A0C-984F-3AECC86B42E5}.Release|Any CPU.ActiveCfg = Release|Any CPU
		{21D4821F-90DB-4A0C-984F-3AECC86B42E5}.Release|Any CPU.Build.0 = Release|Any CPU
		{0919D92C-F66D-4ED8-8F86-9B860BA036ED}.Debug|Any CPU.ActiveCfg = Debug|Any CPU
		{0919D92C-F66D-4ED8-8F86-9B860BA036ED}.Debug|Any CPU.Build.0 = Debug|Any CPU
		{0919D92C-F66D-4ED8-8F86-9B860BA036ED}.Release|Any CPU.ActiveCfg = Release|Any CPU
		{0919D92C-F66D-4ED8-8F86-9B860BA036ED}.Release|Any CPU.Build.0 = Release|Any CPU
	EndGlobalSection
	GlobalSection(SolutionProperties) = preSolution
		HideSolutionNode = FALSE
	EndGlobalSection
EndGlobal
